
Microsoft Visual Studio Solution File, Format Version 12.00
# Visual Studio Version 17
VisualStudioVersion = 17.1.32328.378
MinimumVisualStudioVersion = 10.0.40219.1
Project("{9A19103F-16F7-4668-BE54-9A1E7A4F7556}") = "InterfaceEClasseAbstrata", "InterfaceEClasseAbstrata\InterfaceEClasseAbstrata.csproj", "{09268B82-041A-4487-AF58-9D67C6FF12BF}"
EndProject
Project("{9A19103F-16F7-4668-BE54-9A1E7A4F7556}") = "DesignPatterns", "DesignPatterns\DesignPatterns.csproj", "{DEACFEF9-4781-4276-A337-7578D0A1152B}"
EndProject
Global
	GlobalSection(SolutionConfigurationPlatforms) = preSolution
		Debug|Any CPU = Debug|Any CPU
		Release|Any CPU = Release|Any CPU
	EndGlobalSection
	GlobalSection(ProjectConfigurationPlatforms) = postSolution
		{09268B82-041A-4487-AF58-9D67C6FF12BF}.Debug|Any CPU.ActiveCfg = Debug|Any CPU
		{09268B82-041A-4487-AF58-9D67C6FF12BF}.Debug|Any CPU.Build.0 = Debug|Any CPU
		{09268B82-041A-4487-AF58-9D67C6FF12BF}.Release|Any CPU.ActiveCfg = Release|Any CPU
		{09268B82-041A-4487-AF58-9D67C6FF12BF}.Release|Any CPU.Build.0 = Release|Any CPU
		{DEACFEF9-4781-4276-A337-7578D0A1152B}.Debug|Any CPU.ActiveCfg = Debug|Any CPU
		{DEACFEF9-4781-4276-A337-7578D0A1152B}.Debug|Any CPU.Build.0 = Debug|Any CPU
		{DEACFEF9-4781-4276-A337-7578D0A1152B}.Release|Any CPU.ActiveCfg = Release|Any CPU
		{DEACFEF9-4781-4276-A337-7578D0A1152B}.Release|Any CPU.Build.0 = Release|Any CPU
	EndGlobalSection
	GlobalSection(SolutionProperties) = preSolution
		HideSolutionNode = FALSE
	EndGlobalSection
	GlobalSection(ExtensibilityGlobals) = postSolution
		SolutionGuid = {B022AD09-197B-4E29-B9B9-2EDF2E29DEDC}
	EndGlobalSection
EndGlobal
